
Microsoft Visual Studio Solution File, Format Version 12.00
# Visual Studio Version 17
VisualStudioVersion = 17.0.31903.59
MinimumVisualStudioVersion = 10.0.40219.1
Project("{FAE04EC0-301F-11D3-BF4B-00C04F79EFBC}") = "minimal-api", "api\minimal-api.csproj", "{56353E59-00C6-4DC2-8053-C0349C5551C1}"
EndProject
Project("{FAE04EC0-301F-11D3-BF4B-00C04F79EFBC}") = "api-tests", "api-tests\api-tests.csproj", "{FDE51241-64CC-4A3A-9A2C-833A73F5087D}"
EndProject
Global
	GlobalSection(SolutionConfigurationPlatforms) = preSolution
		Debug|Any CPU = Debug|Any CPU
		Release|Any CPU = Release|Any CPU
	EndGlobalSection
	GlobalSection(SolutionProperties) = preSolution
		HideSolutionNode = FALSE
	EndGlobalSection
	GlobalSection(ProjectConfigurationPlatforms) = postSolution
		{56353E59-00C6-4DC2-8053-C0349C5551C1}.Debug|Any CPU.ActiveCfg = Debug|Any CPU
		{56353E59-00C6-4DC2-8053-C0349C5551C1}.Debug|Any CPU.Build.0 = Debug|Any CPU
		{56353E59-00C6-4DC2-8053-C0349C5551C1}.Release|Any CPU.ActiveCfg = Release|Any CPU
		{56353E59-00C6-4DC2-8053-C0349C5551C1}.Release|Any CPU.Build.0 = Release|Any CPU
		{FDE51241-64CC-4A3A-9A2C-833A73F5087D}.Debug|Any CPU.ActiveCfg = Debug|Any CPU
		{FDE51241-64CC-4A3A-9A2C-833A73F5087D}.Debug|Any CPU.Build.0 = Debug|Any CPU
		{FDE51241-64CC-4A3A-9A2C-833A73F5087D}.Release|Any CPU.ActiveCfg = Release|Any CPU
		{FDE51241-64CC-4A3A-9A2C-833A73F5087D}.Release|Any CPU.Build.0 = Release|Any CPU
	EndGlobalSection
EndGlobal
