
Microsoft Visual Studio Solution File, Format Version 12.00
# Visual Studio Version 17
VisualStudioVersion = 17.5.002.0
MinimumVisualStudioVersion = 10.0.40219.1
Project("{9A19103F-16F7-4668-BE54-9A1E7A4F7556}") = "minimal-api", "minimal-api.csproj", "{F5AE4CE2-D08A-426F-B44C-3F09FA787CFC}"
EndProject
Global
	GlobalSection(SolutionConfigurationPlatforms) = preSolution
		Debug|Any CPU = Debug|Any CPU
		Release|Any CPU = Release|Any CPU
	EndGlobalSection
	GlobalSection(ProjectConfigurationPlatforms) = postSolution
		{F5AE4CE2-D08A-426F-B44C-3F09FA787CFC}.Debug|Any CPU.ActiveCfg = Debug|Any CPU
		{F5AE4CE2-D08A-426F-B44C-3F09FA787CFC}.Debug|Any CPU.Build.0 = Debug|Any CPU
		{F5AE4CE2-D08A-426F-B44C-3F09FA787CFC}.Release|Any CPU.ActiveCfg = Release|Any CPU
		{F5AE4CE2-D08A-426F-B44C-3F09FA787CFC}.Release|Any CPU.Build.0 = Release|Any CPU
	EndGlobalSection
	GlobalSection(SolutionProperties) = preSolution
		HideSolutionNode = FALSE
	EndGlobalSection
	GlobalSection(ExtensibilityGlobals) = postSolution
		SolutionGuid = {6F80CEF2-8FF4-4470-A38E-FB282C31D80A}
	EndGlobalSection
EndGlobal
